
Microsoft Visual Studio Solution File, Format Version 12.00
# Visual Studio Version 17
VisualStudioVersion = 17.8.34525.116
MinimumVisualStudioVersion = 10.0.40219.1
Project("{FAE04EC0-301F-11D3-BF4B-00C04F79EFBC}") = "_16FebbraioTest", "_16FebbraioTest.csproj", "{6CF02B60-910F-4D78-B664-71B778FFF381}"
EndProject
Global
	GlobalSection(SolutionConfigurationPlatforms) = preSolution
		Debug|Any CPU = Debug|Any CPU
		Release|Any CPU = Release|Any CPU
	EndGlobalSection
	GlobalSection(ProjectConfigurationPlatforms) = postSolution
		{6CF02B60-910F-4D78-B664-71B778FFF381}.Debug|Any CPU.ActiveCfg = Debug|Any CPU
		{6CF02B60-910F-4D78-B664-71B778FFF381}.Debug|Any CPU.Build.0 = Debug|Any CPU
		{6CF02B60-910F-4D78-B664-71B778FFF381}.Release|Any CPU.ActiveCfg = Release|Any CPU
		{6CF02B60-910F-4D78-B664-71B778FFF381}.Release|Any CPU.Build.0 = Release|Any CPU
	EndGlobalSection
	GlobalSection(SolutionProperties) = preSolution
		HideSolutionNode = FALSE
	EndGlobalSection
	GlobalSection(ExtensibilityGlobals) = postSolution
		SolutionGuid = {6F66ECCE-B55A-49F9-B747-FF067114EE7C}
	EndGlobalSection
EndGlobal
